
Microsoft Visual Studio Solution File, Format Version 12.00
Project("{2150E333-8FDC-42A3-9474-1A3956D46DE8}") = "src", "src", "{827E0CD3-B72D-47B6-A68D-7590B98EB39B}"
EndProject
Project("{FAE04EC0-301F-11D3-BF4B-00C04F79EFBC}") = "EssaLab.StronglyTypedIds.Core", "src\EssaLab.StronglyTypedIds.Core\EssaLab.StronglyTypedIds.Core.csproj", "{8A97328F-8B50-46D3-AE17-ABB7A3600E2A}"
EndProject
Project("{FAE04EC0-301F-11D3-BF4B-00C04F79EFBC}") = "EssaLab.StronglyTypedIds.Convertors.EFCore", "src\EssaLab.StronglyTypedIds.Convertors.EFCore\EssaLab.StronglyTypedIds.Convertors.EFCore.csproj", "{D48610A9-B205-4A52-A391-519924286225}"
EndProject
Project("{FAE04EC0-301F-11D3-BF4B-00C04F79EFBC}") = "EssaLab.StronglyTypedIds.Convertors.Json", "src\EssaLab.StronglyTypedIds.Convertors.Json\EssaLab.StronglyTypedIds.Convertors.Json.csproj", "{98E54794-8D7F-4A32-934D-FD49E21000F0}"
EndProject
Project("{2150E333-8FDC-42A3-9474-1A3956D46DE8}") = "samples", "samples", "{5D20AA90-6969-D8BD-9DCD-8634F4692FDA}"
EndProject
Project("{2150E333-8FDC-42A3-9474-1A3956D46DE8}") = "TestApp", "TestApp", "{2D2ABC27-1632-A3E4-D2AC-81821257D1F3}"
EndProject
Project("{FAE04EC0-301F-11D3-BF4B-00C04F79EFBC}") = "TestApp.Api", "samples\TestApp\TestApp.Api\TestApp.Api.csproj", "{48EDD7F5-03F4-4125-82B9-24DB4ABD4045}"
EndProject
Project("{FAE04EC0-301F-11D3-BF4B-00C04F79EFBC}") = "TestApp.Domain", "samples\TestApp\TestApp.Domain\TestApp.Domain.csproj", "{6B61F9CB-F026-4EB8-86EB-16A3C7E4F064}"
EndProject
Project("{FAE04EC0-301F-11D3-BF4B-00C04F79EFBC}") = "TestApp.Infrastructure", "samples\TestApp\TestApp.Infrastructure\TestApp.Infrastructure.csproj", "{6F2B4CC9-6306-49CA-825F-F5AD6252E0D4}"
EndProject
Global
	GlobalSection(SolutionConfigurationPlatforms) = preSolution
		Debug|Any CPU = Debug|Any CPU
		Debug|x64 = Debug|x64
		Debug|x86 = Debug|x86
		Release|Any CPU = Release|Any CPU
		Release|x64 = Release|x64
		Release|x86 = Release|x86
	EndGlobalSection
	GlobalSection(ProjectConfigurationPlatforms) = postSolution
		{8A97328F-8B50-46D3-AE17-ABB7A3600E2A}.Debug|Any CPU.ActiveCfg = Debug|Any CPU
		{8A97328F-8B50-46D3-AE17-ABB7A3600E2A}.Debug|Any CPU.Build.0 = Debug|Any CPU
		{8A97328F-8B50-46D3-AE17-ABB7A3600E2A}.Debug|x64.ActiveCfg = Debug|Any CPU
		{8A97328F-8B50-46D3-AE17-ABB7A3600E2A}.Debug|x64.Build.0 = Debug|Any CPU
		{8A97328F-8B50-46D3-AE17-ABB7A3600E2A}.Debug|x86.ActiveCfg = Debug|Any CPU
		{8A97328F-8B50-46D3-AE17-ABB7A3600E2A}.Debug|x86.Build.0 = Debug|Any CPU
		{8A97328F-8B50-46D3-AE17-ABB7A3600E2A}.Release|Any CPU.ActiveCfg = Release|Any CPU
		{8A97328F-8B50-46D3-AE17-ABB7A3600E2A}.Release|Any CPU.Build.0 = Release|Any CPU
		{8A97328F-8B50-46D3-AE17-ABB7A3600E2A}.Release|x64.ActiveCfg = Release|Any CPU
		{8A97328F-8B50-46D3-AE17-ABB7A3600E2A}.Release|x64.Build.0 = Release|Any CPU
		{8A97328F-8B50-46D3-AE17-ABB7A3600E2A}.Release|x86.ActiveCfg = Release|Any CPU
		{8A97328F-8B50-46D3-AE17-ABB7A3600E2A}.Release|x86.Build.0 = Release|Any CPU
		{D48610A9-B205-4A52-A391-519924286225}.Debug|Any CPU.ActiveCfg = Debug|Any CPU
		{D48610A9-B205-4A52-A391-519924286225}.Debug|Any CPU.Build.0 = Debug|Any CPU
		{D48610A9-B205-4A52-A391-519924286225}.Debug|x64.ActiveCfg = Debug|Any CPU
		{D48610A9-B205-4A52-A391-519924286225}.Debug|x64.Build.0 = Debug|Any CPU
		{D48610A9-B205-4A52-A391-519924286225}.Debug|x86.ActiveCfg = Debug|Any CPU
		{D48610A9-B205-4A52-A391-519924286225}.Debug|x86.Build.0 = Debug|Any CPU
		{D48610A9-B205-4A52-A391-519924286225}.Release|Any CPU.ActiveCfg = Release|Any CPU
		{D48610A9-B205-4A52-A391-519924286225}.Release|Any CPU.Build.0 = Release|Any CPU
		{D48610A9-B205-4A52-A391-519924286225}.Release|x64.ActiveCfg = Release|Any CPU
		{D48610A9-B205-4A52-A391-519924286225}.Release|x64.Build.0 = Release|Any CPU
		{D48610A9-B205-4A52-A391-519924286225}.Release|x86.ActiveCfg = Release|Any CPU
		{D48610A9-B205-4A52-A391-519924286225}.Release|x86.Build.0 = Release|Any CPU
		{98E54794-8D7F-4A32-934D-FD49E21000F0}.Debug|Any CPU.ActiveCfg = Debug|Any CPU
		{98E54794-8D7F-4A32-934D-FD49E21000F0}.Debug|Any CPU.Build.0 = Debug|Any CPU
		{98E54794-8D7F-4A32-934D-FD49E21000F0}.Debug|x64.ActiveCfg = Debug|Any CPU
		{98E54794-8D7F-4A32-934D-FD49E21000F0}.Debug|x64.Build.0 = Debug|Any CPU
		{98E54794-8D7F-4A32-934D-FD49E21000F0}.Debug|x86.ActiveCfg = Debug|Any CPU
		{98E54794-8D7F-4A32-934D-FD49E21000F0}.Debug|x86.Build.0 = Debug|Any CPU
		{98E54794-8D7F-4A32-934D-FD49E21000F0}.Release|Any CPU.ActiveCfg = Release|Any CPU
		{98E54794-8D7F-4A32-934D-FD49E21000F0}.Release|Any CPU.Build.0 = Release|Any CPU
		{98E54794-8D7F-4A32-934D-FD49E21000F0}.Release|x64.ActiveCfg = Release|Any CPU
		{98E54794-8D7F-4A32-934D-FD49E21000F0}.Release|x64.Build.0 = Release|Any CPU
		{98E54794-8D7F-4A32-934D-FD49E21000F0}.Release|x86.ActiveCfg = Release|Any CPU
		{98E54794-8D7F-4A32-934D-FD49E21000F0}.Release|x86.Build.0 = Release|Any CPU
		{48EDD7F5-03F4-4125-82B9-24DB4ABD4045}.Debug|Any CPU.ActiveCfg = Debug|Any CPU
		{48EDD7F5-03F4-4125-82B9-24DB4ABD4045}.Debug|Any CPU.Build.0 = Debug|Any CPU
		{48EDD7F5-03F4-4125-82B9-24DB4ABD4045}.Debug|x64.ActiveCfg = Debug|Any CPU
		{48EDD7F5-03F4-4125-82B9-24DB4ABD4045}.Debug|x64.Build.0 = Debug|Any CPU
		{48EDD7F5-03F4-4125-82B9-24DB4ABD4045}.Debug|x86.ActiveCfg = Debug|Any CPU
		{48EDD7F5-03F4-4125-82B9-24DB4ABD4045}.Debug|x86.Build.0 = Debug|Any CPU
		{48EDD7F5-03F4-4125-82B9-24DB4ABD4045}.Release|Any CPU.ActiveCfg = Release|Any CPU
		{48EDD7F5-03F4-4125-82B9-24DB4ABD4045}.Release|Any CPU.Build.0 = Release|Any CPU
		{48EDD7F5-03F4-4125-82B9-24DB4ABD4045}.Release|x64.ActiveCfg = Release|Any CPU
		{48EDD7F5-03F4-4125-82B9-24DB4ABD4045}.Release|x64.Build.0 = Release|Any CPU
		{48EDD7F5-03F4-4125-82B9-24DB4ABD4045}.Release|x86.ActiveCfg = Release|Any CPU
		{48EDD7F5-03F4-4125-82B9-24DB4ABD4045}.Release|x86.Build.0 = Release|Any CPU
		{6B61F9CB-F026-4EB8-86EB-16A3C7E4F064}.Debug|Any CPU.ActiveCfg = Debug|Any CPU
		{6B61F9CB-F026-4EB8-86EB-16A3C7E4F064}.Debug|Any CPU.Build.0 = Debug|Any CPU
		{6B61F9CB-F026-4EB8-86EB-16A3C7E4F064}.Debug|x64.ActiveCfg = Debug|Any CPU
		{6B61F9CB-F026-4EB8-86EB-16A3C7E4F064}.Debug|x64.Build.0 = Debug|Any CPU
		{6B61F9CB-F026-4EB8-86EB-16A3C7E4F064}.Debug|x86.ActiveCfg = Debug|Any CPU
		{6B61F9CB-F026-4EB8-86EB-16A3C7E4F064}.Debug|x86.Build.0 = Debug|Any CPU
		{6B61F9CB-F026-4EB8-86EB-16A3C7E4F064}.Release|Any CPU.ActiveCfg = Release|Any CPU
		{6B61F9CB-F026-4EB8-86EB-16A3C7E4F064}.Release|Any CPU.Build.0 = Release|Any CPU
		{6B61F9CB-F026-4EB8-86EB-16A3C7E4F064}.Release|x64.ActiveCfg = Release|Any CPU
		{6B61F9CB-F026-4EB8-86EB-16A3C7E4F064}.Release|x64.Build.0 = Release|Any CPU
		{6B61F9CB-F026-4EB8-86EB-16A3C7E4F064}.Release|x86.ActiveCfg = Release|Any CPU
		{6B61F9CB-F026-4EB8-86EB-16A3C7E4F064}.Release|x86.Build.0 = Release|Any CPU
		{6F2B4CC9-6306-49CA-825F-F5AD6252E0D4}.Debug|Any CPU.ActiveCfg = Debug|Any CPU
		{6F2B4CC9-6306-49CA-825F-F5AD6252E0D4}.Debug|Any CPU.Build.0 = Debug|Any CPU
		{6F2B4CC9-6306-49CA-825F-F5AD6252E0D4}.Debug|x64.ActiveCfg = Debug|Any CPU
		{6F2B4CC9-6306-49CA-825F-F5AD6252E0D4}.Debug|x64.Build.0 = Debug|Any CPU
		{6F2B4CC9-6306-49CA-825F-F5AD6252E0D4}.Debug|x86.ActiveCfg = Debug|Any CPU
		{6F2B4CC9-6306-49CA-825F-F5AD6252E0D4}.Debug|x86.Build.0 = Debug|Any CPU
		{6F2B4CC9-6306-49CA-825F-F5AD6252E0D4}.Release|Any CPU.ActiveCfg = Release|Any CPU
		{6F2B4CC9-6306-49CA-825F-F5AD6252E0D4}.Release|Any CPU.Build.0 = Release|Any CPU
		{6F2B4CC9-6306-49CA-825F-F5AD6252E0D4}.Release|x64.ActiveCfg = Release|Any CPU
		{6F2B4CC9-6306-49CA-825F-F5AD6252E0D4}.Release|x64.Build.0 = Release|Any CPU
		{6F2B4CC9-6306-49CA-825F-F5AD6252E0D4}.Release|x86.ActiveCfg = Release|Any CPU
		{6F2B4CC9-6306-49CA-825F-F5AD6252E0D4}.Release|x86.Build.0 = Release|Any CPU
	EndGlobalSection
	GlobalSection(SolutionProperties) = preSolution
		HideSolutionNode = FALSE
	EndGlobalSection
	GlobalSection(NestedProjects) = preSolution
		{8A97328F-8B50-46D3-AE17-ABB7A3600E2A} = {827E0CD3-B72D-47B6-A68D-7590B98EB39B}
		{D48610A9-B205-4A52-A391-519924286225} = {827E0CD3-B72D-47B6-A68D-7590B98EB39B}
		{98E54794-8D7F-4A32-934D-FD49E21000F0} = {827E0CD3-B72D-47B6-A68D-7590B98EB39B}
		{2D2ABC27-1632-A3E4-D2AC-81821257D1F3} = {5D20AA90-6969-D8BD-9DCD-8634F4692FDA}
		{48EDD7F5-03F4-4125-82B9-24DB4ABD4045} = {2D2ABC27-1632-A3E4-D2AC-81821257D1F3}
		{6B61F9CB-F026-4EB8-86EB-16A3C7E4F064} = {2D2ABC27-1632-A3E4-D2AC-81821257D1F3}
		{6F2B4CC9-6306-49CA-825F-F5AD6252E0D4} = {2D2ABC27-1632-A3E4-D2AC-81821257D1F3}
	EndGlobalSection
EndGlobal
